
Microsoft Visual Studio Solution File, Format Version 12.00
# Visual Studio Version 17
VisualStudioVersion = 17.3.32804.467
MinimumVisualStudioVersion = 10.0.40219.1
Project("{FAE04EC0-301F-11D3-BF4B-00C04F79EFBC}") = "ConsoleApp2", "ConsoleApp2\ConsoleApp2.csproj", "{F942F820-00E2-4A75-8AF4-12C9B33B3186}"
EndProject
Global
	GlobalSection(SolutionConfigurationPlatforms) = preSolution
		Debug|Any CPU = Debug|Any CPU
		Release|Any CPU = Release|Any CPU
	EndGlobalSection
	GlobalSection(ProjectConfigurationPlatforms) = postSolution
		{F942F820-00E2-4A75-8AF4-12C9B33B3186}.Debug|Any CPU.ActiveCfg = Debug|Any CPU
		{F942F820-00E2-4A75-8AF4-12C9B33B3186}.Debug|Any CPU.Build.0 = Debug|Any CPU
		{F942F820-00E2-4A75-8AF4-12C9B33B3186}.Release|Any CPU.ActiveCfg = Release|Any CPU
		{F942F820-00E2-4A75-8AF4-12C9B33B3186}.Release|Any CPU.Build.0 = Release|Any CPU
	EndGlobalSection
	GlobalSection(SolutionProperties) = preSolution
		HideSolutionNode = FALSE
	EndGlobalSection
	GlobalSection(ExtensibilityGlobals) = postSolution
		SolutionGuid = {3E032189-77AE-4452-BE3B-31287E8F293F}
	EndGlobalSection
EndGlobal
