
Microsoft Visual Studio Solution File, Format Version 12.00
# Visual Studio Version 17
VisualStudioVersion = 17.3.32804.467
MinimumVisualStudioVersion = 10.0.40219.1
Project("{FAE04EC0-301F-11D3-BF4B-00C04F79EFBC}") = "october4_aspmvc", "october4_aspmvc\october4_aspmvc.csproj", "{73B46873-1A31-4082-BB8B-A25372338419}"
EndProject
Global
	GlobalSection(SolutionConfigurationPlatforms) = preSolution
		Debug|Any CPU = Debug|Any CPU
		Release|Any CPU = Release|Any CPU
	EndGlobalSection
	GlobalSection(ProjectConfigurationPlatforms) = postSolution
		{73B46873-1A31-4082-BB8B-A25372338419}.Debug|Any CPU.ActiveCfg = Debug|Any CPU
		{73B46873-1A31-4082-BB8B-A25372338419}.Debug|Any CPU.Build.0 = Debug|Any CPU
		{73B46873-1A31-4082-BB8B-A25372338419}.Release|Any CPU.ActiveCfg = Release|Any CPU
		{73B46873-1A31-4082-BB8B-A25372338419}.Release|Any CPU.Build.0 = Release|Any CPU
	EndGlobalSection
	GlobalSection(SolutionProperties) = preSolution
		HideSolutionNode = FALSE
	EndGlobalSection
	GlobalSection(ExtensibilityGlobals) = postSolution
		SolutionGuid = {27F66A55-3469-4488-B26D-F51985283113}
	EndGlobalSection
EndGlobal
